# This file is autogenerated, do not edit; changes may be undone by the next 'dep ensure'.


[[projects]]
  name = "github.com/Sirupsen/logrus"
  packages = ["."]
  revision = "c155da19408a8799da419ed3eeb0cb5db0ad5dbc"
  version = "v1.0.5"

[[projects]]
  name = "github.com/go-webpack/webpack"
  packages = [
    ".",
    "helper",
    "reader",
    "reader/manifest",
    "reader/stats",
    "util"
  ]
  revision = "2f6187f39c5b58376a0ed8b7a5c205a81fe53f90"
  version = "1.1.1"

[[projects]]
  name = "github.com/pkg/errors"
  packages = ["."]
  revision = "645ef00459ed84a119197bfb8d8205042c6df63d"
  version = "v0.8.0"

[[projects]]
  branch = "master"
  name = "golang.org/x/crypto"
  packages = ["ssh/terminal"]
  revision = "a49355c7e3f8fe157a85be2f77e6e269a0f89602"

[[projects]]
  branch = "master"
  name = "golang.org/x/sys"
  packages = [
    "unix",
    "windows"
  ]
  revision = "151529c776cdc58ddbe7963ba9af779f3577b419"

[solve-meta]
  analyzer-name = "dep"
  analyzer-version = 1
  inputs-digest = "247786438c8b4497d898dd2580810fa5189ca20809db134c568ca44de2fe9c2e"
  solver-name = "gps-cdcl"
  solver-version = 1
